
Microsoft Visual Studio Solution File, Format Version 12.00
# Visual Studio 15
VisualStudioVersion = 15.0.28307.136
MinimumVisualStudioVersion = 10.0.40219.1
Project("{FAE04EC0-301F-11D3-BF4B-00C04F79EFBC}") = "CarInsuranceAppMVC", "CarInsuranceAppMVC\CarInsuranceAppMVC.csproj", "{27791886-3C0B-433B-894D-6968C6D29079}"
EndProject
Global
	GlobalSection(SolutionConfigurationPlatforms) = preSolution
		Debug|Any CPU = Debug|Any CPU
		Release|Any CPU = Release|Any CPU
	EndGlobalSection
	GlobalSection(ProjectConfigurationPlatforms) = postSolution
		{27791886-3C0B-433B-894D-6968C6D29079}.Debug|Any CPU.ActiveCfg = Debug|Any CPU
		{27791886-3C0B-433B-894D-6968C6D29079}.Debug|Any CPU.Build.0 = Debug|Any CPU
		{27791886-3C0B-433B-894D-6968C6D29079}.Release|Any CPU.ActiveCfg = Release|Any CPU
		{27791886-3C0B-433B-894D-6968C6D29079}.Release|Any CPU.Build.0 = Release|Any CPU
	EndGlobalSection
	GlobalSection(SolutionProperties) = preSolution
		HideSolutionNode = FALSE
	EndGlobalSection
	GlobalSection(ExtensibilityGlobals) = postSolution
		SolutionGuid = {62D63578-CD46-4BC9-BE0B-17DF9E3B8711}
	EndGlobalSection
EndGlobal
